{
  "requires": true,
  "lockfileVersion": 1,
  "dependencies": {
    "reveal.js-menu": {
      "version": "1.2.0",
      "resolved": "https://registry.npmjs.org/reveal.js-menu/-/reveal.js-menu-1.2.0.tgz",
      "integrity": "sha512-jOuMjakDx90GO01Z29Vq6MS3qogjML/qTA14werk/PDj9zpV5Pl0GRLwWq91b20vS1JgYi4sD1POd33deDQAQg=="
    }
  }
}
